
Microsoft Visual Studio Solution File, Format Version 12.00
# Visual Studio 2013
VisualStudioVersion = 12.0.21005.1
MinimumVisualStudioVersion = 10.0.40219.1
Project("{FAE04EC0-301F-11D3-BF4B-00C04F79EFBC}") = "tuan5_bai1_net", "tuan5_net\tuan5_bai1_net.csproj", "{B78070A7-6C5F-4C8E-8C1A-6FE68C8A94F0}"
EndProject
Project("{FAE04EC0-301F-11D3-BF4B-00C04F79EFBC}") = "baitap2", "baitap2\baitap2.csproj", "{63A9427C-859F-4FC4-82B9-DC94145B189A}"
EndProject
Project("{FAE04EC0-301F-11D3-BF4B-00C04F79EFBC}") = "bai3", "bai3\bai3.csproj", "{69C8E6AB-07F9-4F53-BFAC-7BA8550DECED}"
EndProject
Global
	GlobalSection(SolutionConfigurationPlatforms) = preSolution
		Debug|Any CPU = Debug|Any CPU
		Release|Any CPU = Release|Any CPU
	EndGlobalSection
	GlobalSection(ProjectConfigurationPlatforms) = postSolution
		{B78070A7-6C5F-4C8E-8C1A-6FE68C8A94F0}.Debug|Any CPU.ActiveCfg = Debug|Any CPU
		{B78070A7-6C5F-4C8E-8C1A-6FE68C8A94F0}.Debug|Any CPU.Build.0 = Debug|Any CPU
		{B78070A7-6C5F-4C8E-8C1A-6FE68C8A94F0}.Release|Any CPU.ActiveCfg = Release|Any CPU
		{B78070A7-6C5F-4C8E-8C1A-6FE68C8A94F0}.Release|Any CPU.Build.0 = Release|Any CPU
		{63A9427C-859F-4FC4-82B9-DC94145B189A}.Debug|Any CPU.ActiveCfg = Debug|Any CPU
		{63A9427C-859F-4FC4-82B9-DC94145B189A}.Debug|Any CPU.Build.0 = Debug|Any CPU
		{63A9427C-859F-4FC4-82B9-DC94145B189A}.Release|Any CPU.ActiveCfg = Release|Any CPU
		{63A9427C-859F-4FC4-82B9-DC94145B189A}.Release|Any CPU.Build.0 = Release|Any CPU
		{69C8E6AB-07F9-4F53-BFAC-7BA8550DECED}.Debug|Any CPU.ActiveCfg = Debug|Any CPU
		{69C8E6AB-07F9-4F53-BFAC-7BA8550DECED}.Debug|Any CPU.Build.0 = Debug|Any CPU
		{69C8E6AB-07F9-4F53-BFAC-7BA8550DECED}.Release|Any CPU.ActiveCfg = Release|Any CPU
		{69C8E6AB-07F9-4F53-BFAC-7BA8550DECED}.Release|Any CPU.Build.0 = Release|Any CPU
	EndGlobalSection
	GlobalSection(SolutionProperties) = preSolution
		HideSolutionNode = FALSE
	EndGlobalSection
EndGlobal
